// !$*UTF8*$!
{
	archiveVersion = 1;
	classes = {
	};
	objectVersion = 48;
	objects = {

/* Begin PBXBuildFile section */
		2A7C500FA2D663573B4D88D4 /* Pods_ContentProviderSwift.framework in Frameworks */ = {isa = PBXBuildFile; fileRef = C83C1CC3D19984B6668D3175 /* Pods_ContentProviderSwift.framework */; };
		8320457D1F9A50EE00A422F7 /* Actions.swift in Sources */ = {isa = PBXBuildFile; fileRef = 8320457C1F9A50EE00A422F7 /* Actions.swift */; };
		8320457F1F9A512F00A422F7 /* contactReducer.swift in Sources */ = {isa = PBXBuildFile; fileRef = 8320457E1F9A512F00A422F7 /* contactReducer.swift */; };
		832045811F9A6EE000A422F7 /* ContactsInfo.swift in Sources */ = {isa = PBXBuildFile; fileRef = 832045801F9A6EE000A422F7 /* ContactsInfo.swift */; };
		836168D81F9928170076B976 /* AppDelegate.swift in Sources */ = {isa = PBXBuildFile; fileRef = 836168D71F9928170076B976 /* AppDelegate.swift */; };
		836168E11F9928170076B976 /* Main.storyboard in Resources */ = {isa = PBXBuildFile; fileRef = 836168DF1F9928170076B976 /* Main.storyboard */; };
		836168E31F9928170076B976 /* Assets.xcassets in Resources */ = {isa = PBXBuildFile; fileRef = 836168E21F9928170076B976 /* Assets.xcassets */; };
		836168E61F9928170076B976 /* LaunchScreen.storyboard in Resources */ = {isa = PBXBuildFile; fileRef = 836168E41F9928170076B976 /* LaunchScreen.storyboard */; };
		83D55F7B1F9A4AA6003BA94A /* Contact_State.swift in Sources */ = {isa = PBXBuildFile; fileRef = 83D55F7A1F9A4AA6003BA94A /* Contact_State.swift */; };
		83D55F7F1F9A4E80003BA94A /* Main_ViewController.swift in Sources */ = {isa = PBXBuildFile; fileRef = 83D55F7E1F9A4E80003BA94A /* Main_ViewController.swift */; };
/* End PBXBuildFile section */

/* Begin PBXFileReference section */
		192ED31150D68F71A266A4F3 /* Pods-ContentProviderSwift.release.xcconfig */ = {isa = PBXFileReference; includeInIndex = 1; lastKnownFileType = text.xcconfig; name = "Pods-ContentProviderSwift.release.xcconfig"; path = "Pods/Target Support Files/Pods-ContentProviderSwift/Pods-ContentProviderSwift.release.xcconfig"; sourceTree = "<group>"; };
		8320457C1F9A50EE00A422F7 /* Actions.swift */ = {isa = PBXFileReference; lastKnownFileType = sourcecode.swift; path = Actions.swift; sourceTree = "<group>"; };
		8320457E1F9A512F00A422F7 /* contactReducer.swift */ = {isa = PBXFileReference; lastKnownFileType = sourcecode.swift; path = contactReducer.swift; sourceTree = "<group>"; };
		832045801F9A6EE000A422F7 /* ContactsInfo.swift */ = {isa = PBXFileReference; lastKnownFileType = sourcecode.swift; path = ContactsInfo.swift; sourceTree = "<group>"; };
		836168D41F9928170076B976 /* ContentProviderSwift.app */ = {isa = PBXFileReference; explicitFileType = wrapper.application; includeInIndex = 0; path = ContentProviderSwift.app; sourceTree = BUILT_PRODUCTS_DIR; };
		836168D71F9928170076B976 /* AppDelegate.swift */ = {isa = PBXFileReference; lastKnownFileType = sourcecode.swift; path = AppDelegate.swift; sourceTree = "<group>"; };
		836168E01F9928170076B976 /* Base */ = {isa = PBXFileReference; lastKnownFileType = file.storyboard; name = Base; path = Base.lproj/Main.storyboard; sourceTree = "<group>"; };
		836168E21F9928170076B976 /* Assets.xcassets */ = {isa = PBXFileReference; lastKnownFileType = folder.assetcatalog; path = Assets.xcassets; sourceTree = "<group>"; };
		836168E51F9928170076B976 /* Base */ = {isa = PBXFileReference; lastKnownFileType = file.storyboard; name = Base; path = Base.lproj/LaunchScreen.storyboard; sourceTree = "<group>"; };
		836168E71F9928170076B976 /* Info.plist */ = {isa = PBXFileReference; lastKnownFileType = text.plist.xml; path = Info.plist; sourceTree = "<group>"; };
		83D55F7A1F9A4AA6003BA94A /* Contact_State.swift */ = {isa = PBXFileReference; lastKnownFileType = sourcecode.swift; name = Contact_State.swift; path = ContentProviderSwift/Action/Contact_State.swift; sourceTree = SOURCE_ROOT; };
		83D55F7D1F9A4D1A003BA94A /* en */ = {isa = PBXFileReference; lastKnownFileType = text.plist.strings; name = en; path = en.lproj/Main.strings; sourceTree = "<group>"; };
		83D55F7E1F9A4E80003BA94A /* Main_ViewController.swift */ = {isa = PBXFileReference; lastKnownFileType = sourcecode.swift; path = Main_ViewController.swift; sourceTree = "<group>"; };
		C83C1CC3D19984B6668D3175 /* Pods_ContentProviderSwift.framework */ = {isa = PBXFileReference; explicitFileType = wrapper.framework; includeInIndex = 0; path = Pods_ContentProviderSwift.framework; sourceTree = BUILT_PRODUCTS_DIR; };
		FC3C59C062FFEA49401719FB /* Pods-ContentProviderSwift.debug.xcconfig */ = {isa = PBXFileReference; includeInIndex = 1; lastKnownFileType = text.xcconfig; name = "Pods-ContentProviderSwift.debug.xcconfig"; path = "Pods/Target Support Files/Pods-ContentProviderSwift/Pods-ContentProviderSwift.debug.xcconfig"; sourceTree = "<group>"; };
/* End PBXFileReference section */

/* Begin PBXFrameworksBuildPhase section */
		836168D11F9928170076B976 /* Frameworks */ = {
			isa = PBXFrameworksBuildPhase;
			buildActionMask = 2147483647;
			files = (
				2A7C500FA2D663573B4D88D4 /* Pods_ContentProviderSwift.framework in Frameworks */,
			);
			runOnlyForDeploymentPostprocessing = 0;
		};
/* End PBXFrameworksBuildPhase section */

/* Begin PBXGroup section */
		417816077F0D622EE7ACBF25 /* Pods */ = {
			isa = PBXGroup;
			children = (
				FC3C59C062FFEA49401719FB /* Pods-ContentProviderSwift.debug.xcconfig */,
				192ED31150D68F71A266A4F3 /* Pods-ContentProviderSwift.release.xcconfig */,
			);
			name = Pods;
			sourceTree = "<group>";
		};
		836168CB1F9928170076B976 = {
			isa = PBXGroup;
			children = (
				836168D61F9928170076B976 /* ContentProviderSwift */,
				836168D51F9928170076B976 /* Products */,
				417816077F0D622EE7ACBF25 /* Pods */,
				8825F8F7E20F5947E42B3731 /* Frameworks */,
			);
			sourceTree = "<group>";
		};
		836168D51F9928170076B976 /* Products */ = {
			isa = PBXGroup;
			children = (
				836168D41F9928170076B976 /* ContentProviderSwift.app */,
			);
			name = Products;
			sourceTree = "<group>";
		};
		836168D61F9928170076B976 /* ContentProviderSwift */ = {
			isa = PBXGroup;
			children = (
				83D55F791F9A496C003BA94A /* Reducer */,
				83D55F781F9A4908003BA94A /* State */,
				83D55F771F9A48FD003BA94A /* Action */,
				836168D71F9928170076B976 /* AppDelegate.swift */,
				836168DF1F9928170076B976 /* Main.storyboard */,
				836168E21F9928170076B976 /* Assets.xcassets */,
				836168E41F9928170076B976 /* LaunchScreen.storyboard */,
				836168E71F9928170076B976 /* Info.plist */,
				83D55F7E1F9A4E80003BA94A /* Main_ViewController.swift */,
				832045801F9A6EE000A422F7 /* ContactsInfo.swift */,
			);
			path = ContentProviderSwift;
			sourceTree = "<group>";
		};
		83D55F771F9A48FD003BA94A /* Action */ = {
			isa = PBXGroup;
			children = (
				8320457C1F9A50EE00A422F7 /* Actions.swift */,
			);
			path = Action;
			sourceTree = "<group>";
		};
		83D55F781F9A4908003BA94A /* State */ = {
			isa = PBXGroup;
			children = (
				83D55F7A1F9A4AA6003BA94A /* Contact_State.swift */,
			);
			path = State;
			sourceTree = "<group>";
		};
		83D55F791F9A496C003BA94A /* Reducer */ = {
			isa = PBXGroup;
			children = (
				8320457E1F9A512F00A422F7 /* contactReducer.swift */,
			);
			path = Reducer;
			sourceTree = "<group>";
		};
		8825F8F7E20F5947E42B3731 /* Frameworks */ = {
			isa = PBXGroup;
			children = (
				C83C1CC3D19984B6668D3175 /* Pods_ContentProviderSwift.framework */,
			);
			name = Frameworks;
			sourceTree = "<group>";
		};
/* End PBXGroup section */

/* Begin PBXNativeTarget section */
		836168D31F9928170076B976 /* ContentProviderSwift */ = {
			isa = PBXNativeTarget;
			buildConfigurationList = 836168EA1F9928170076B976 /* Build configuration list for PBXNativeTarget "ContentProviderSwift" */;
			buildPhases = (
				6F5AA8C7DDC76C53A2C152FA /* [CP] Check Pods Manifest.lock */,
				836168D01F9928170076B976 /* Sources */,
				836168D11F9928170076B976 /* Frameworks */,
				836168D21F9928170076B976 /* Resources */,
				28AF44D2D73C95449803FC77 /* [CP] Embed Pods Frameworks */,
				0B6FAF2C963661600510DD77 /* [CP] Copy Pods Resources */,
			);
			buildRules = (
			);
			dependencies = (
			);
			name = ContentProviderSwift;
			productName = ContentProviderSwift;
			productReference = 836168D41F9928170076B976 /* ContentProviderSwift.app */;
			productType = "com.apple.product-type.application";
		};
/* End PBXNativeTarget section */

/* Begin PBXProject section */
		836168CC1F9928170076B976 /* Project object */ = {
			isa = PBXProject;
			attributes = {
				LastSwiftUpdateCheck = 0900;
				LastUpgradeCheck = 0900;
				ORGANIZATIONNAME = "iOS Profuturo";
				TargetAttributes = {
					836168D31F9928170076B976 = {
						CreatedOnToolsVersion = 9.0;
						ProvisioningStyle = Automatic;
					};
				};
			};
			buildConfigurationList = 836168CF1F9928170076B976 /* Build configuration list for PBXProject "ContentProviderSwift" */;
			compatibilityVersion = "Xcode 8.0";
			developmentRegion = en;
			hasScannedForEncodings = 0;
			knownRegions = (
				en,
				Base,
			);
			mainGroup = 836168CB1F9928170076B976;
			productRefGroup = 836168D51F9928170076B976 /* Products */;
			projectDirPath = "";
			projectRoot = "";
			targets = (
				836168D31F9928170076B976 /* ContentProviderSwift */,
			);
		};
/* End PBXProject section */

/* Begin PBXResourcesBuildPhase section */
		836168D21F9928170076B976 /* Resources */ = {
			isa = PBXResourcesBuildPhase;
			buildActionMask = 2147483647;
			files = (
				836168E61F9928170076B976 /* LaunchScreen.storyboard in Resources */,
				836168E31F9928170076B976 /* Assets.xcassets in Resources */,
				836168E11F9928170076B976 /* Main.storyboard in Resources */,
			);
			runOnlyForDeploymentPostprocessing = 0;
		};
/* End PBXResourcesBuildPhase section */

/* Begin PBXShellScriptBuildPhase section */
		0B6FAF2C963661600510DD77 /* [CP] Copy Pods Resources */ = {
			isa = PBXShellScriptBuildPhase;
			buildActionMask = 2147483647;
			files = (
			);
			inputPaths = (
			);
			name = "[CP] Copy Pods Resources";
			outputPaths = (
			);
			runOnlyForDeploymentPostprocessing = 0;
			shellPath = /bin/sh;
			shellScript = "\"${SRCROOT}/Pods/Target Support Files/Pods-ContentProviderSwift/Pods-ContentProviderSwift-resources.sh\"\n";
			showEnvVarsInLog = 0;
		};
		28AF44D2D73C95449803FC77 /* [CP] Embed Pods Frameworks */ = {
			isa = PBXShellScriptBuildPhase;
			buildActionMask = 2147483647;
			files = (
			);
			inputPaths = (
			);
			name = "[CP] Embed Pods Frameworks";
			outputPaths = (
			);
			runOnlyForDeploymentPostprocessing = 0;
			shellPath = /bin/sh;
			shellScript = "\"${SRCROOT}/Pods/Target Support Files/Pods-ContentProviderSwift/Pods-ContentProviderSwift-frameworks.sh\"\n";
			showEnvVarsInLog = 0;
		};
		6F5AA8C7DDC76C53A2C152FA /* [CP] Check Pods Manifest.lock */ = {
			isa = PBXShellScriptBuildPhase;
			buildActionMask = 2147483647;
			files = (
			);
			inputPaths = (
			);
			name = "[CP] Check Pods Manifest.lock";
			outputPaths = (
			);
			runOnlyForDeploymentPostprocessing = 0;
			shellPath = /bin/sh;
			shellScript = "diff \"${PODS_ROOT}/../Podfile.lock\" \"${PODS_ROOT}/Manifest.lock\" > /dev/null\nif [ $? != 0 ] ; then\n    # print error to STDERR\n    echo \"error: The sandbox is not in sync with the Podfile.lock. Run 'pod install' or update your CocoaPods installation.\" >&2\n    exit 1\nfi\n";
			showEnvVarsInLog = 0;
		};
/* End PBXShellScriptBuildPhase section */

/* Begin PBXSourcesBuildPhase section */
		836168D01F9928170076B976 /* Sources */ = {
			isa = PBXSourcesBuildPhase;
			buildActionMask = 2147483647;
			files = (
				83D55F7B1F9A4AA6003BA94A /* Contact_State.swift in Sources */,
				8320457D1F9A50EE00A422F7 /* Actions.swift in Sources */,
				832045811F9A6EE000A422F7 /* ContactsInfo.swift in Sources */,
				8320457F1F9A512F00A422F7 /* contactReducer.swift in Sources */,
				836168D81F9928170076B976 /* AppDelegate.swift in Sources */,
				83D55F7F1F9A4E80003BA94A /* Main_ViewController.swift in Sources */,
			);
			runOnlyForDeploymentPostprocessing = 0;
		};
/* End PBXSourcesBuildPhase section */

/* Begin PBXVariantGroup section */
		836168DF1F9928170076B976 /* Main.storyboard */ = {
			isa = PBXVariantGroup;
			children = (
				836168E01F9928170076B976 /* Base */,
				83D55F7D1F9A4D1A003BA94A /* en */,
			);
			name = Main.storyboard;
			sourceTree = "<group>";
		};
		836168E41F9928170076B976 /* LaunchScreen.storyboard */ = {
			isa = PBXVariantGroup;
			children = (
				836168E51F9928170076B976 /* Base */,
			);
			name = LaunchScreen.storyboard;
			sourceTree = "<group>";
		};
/* End PBXVariantGroup section */

/* Begin XCBuildConfiguration section */
		836168E81F9928170076B976 /* Debug */ = {
			isa = XCBuildConfiguration;
			buildSettings = {
				ALWAYS_SEARCH_USER_PATHS = NO;
				CLANG_ANALYZER_NONNULL = YES;
				CLANG_ANALYZER_NUMBER_OBJECT_CONVERSION = YES_AGGRESSIVE;
				CLANG_CXX_LANGUAGE_STANDARD = "gnu++14";
				CLANG_CXX_LIBRARY = "libc++";
				CLANG_ENABLE_MODULES = YES;
				CLANG_ENABLE_OBJC_ARC = YES;
				CLANG_WARN_BLOCK_CAPTURE_AUTORELEASING = YES;
				CLANG_WARN_BOOL_CONVERSION = YES;
				CLANG_WARN_COMMA = YES;
				CLANG_WARN_CONSTANT_CONVERSION = YES;
				CLANG_WARN_DIRECT_OBJC_ISA_USAGE = YES_ERROR;
				CLANG_WARN_DOCUMENTATION_COMMENTS = YES;
				CLANG_WARN_EMPTY_BODY = YES;
				CLANG_WARN_ENUM_CONVERSION = YES;
				CLANG_WARN_INFINITE_RECURSION = YES;
				CLANG_WARN_INT_CONVERSION = YES;
				CLANG_WARN_NON_LITERAL_NULL_CONVERSION = YES;
				CLANG_WARN_OBJC_LITERAL_CONVERSION = YES;
				CLANG_WARN_OBJC_ROOT_CLASS = YES_ERROR;
				CLANG_WARN_RANGE_LOOP_ANALYSIS = YES;
				CLANG_WARN_STRICT_PROTOTYPES = YES;
				CLANG_WARN_SUSPICIOUS_MOVE = YES;
				CLANG_WARN_UNGUARDED_AVAILABILITY = YES_AGGRESSIVE;
				CLANG_WARN_UNREACHABLE_CODE = YES;
				CLANG_WARN__DUPLICATE_METHOD_MATCH = YES;
				CODE_SIGN_IDENTITY = "iPhone Developer";
				COPY_PHASE_STRIP = NO;
				DEBUG_INFORMATION_FORMAT = dwarf;
				ENABLE_STRICT_OBJC_MSGSEND = YES;
				ENABLE_TESTABILITY = YES;
				GCC_C_LANGUAGE_STANDARD = gnu11;
				GCC_DYNAMIC_NO_PIC = NO;
				GCC_NO_COMMON_BLOCKS = YES;
				GCC_OPTIMIZATION_LEVEL = 0;
				GCC_PREPROCESSOR_DEFINITIONS = (
					"DEBUG=1",
					"$(inherited)",
				);
				GCC_WARN_64_TO_32_BIT_CONVERSION = YES;
				GCC_WARN_ABOUT_RETURN_TYPE = YES_ERROR;
				GCC_WARN_UNDECLARED_SELECTOR = YES;
				GCC_WARN_UNINITIALIZED_AUTOS = YES_AGGRESSIVE;
				GCC_WARN_UNUSED_FUNCTION = YES;
				GCC_WARN_UNUSED_VARIABLE = YES;
				IPHONEOS_DEPLOYMENT_TARGET = 11.0;
				MTL_ENABLE_DEBUG_INFO = YES;
				ONLY_ACTIVE_ARCH = YES;
				SDKROOT = iphoneos;
				SWIFT_ACTIVE_COMPILATION_CONDITIONS = DEBUG;
				SWIFT_OPTIMIZATION_LEVEL = "-Onone";
			};
			name = Debug;
		};
		836168E91F9928170076B976 /* Release */ = {
			isa = XCBuildConfiguration;
			buildSettings = {
				ALWAYS_SEARCH_USER_PATHS = NO;
				CLANG_ANALYZER_NONNULL = YES;
				CLANG_ANALYZER_NUMBER_OBJECT_CONVERSION = YES_AGGRESSIVE;
				CLANG_CXX_LANGUAGE_STANDARD = "gnu++14";
				CLANG_CXX_LIBRARY = "libc++";
				CLANG_ENABLE_MODULES = YES;
				CLANG_ENABLE_OBJC_ARC = YES;
				CLANG_WARN_BLOCK_CAPTURE_AUTORELEASING = YES;
				CLANG_WARN_BOOL_CONVERSION = YES;
				CLANG_WARN_COMMA = YES;
				CLANG_WARN_CONSTANT_CONVERSION = YES;
				CLANG_WARN_DIRECT_OBJC_ISA_USAGE = YES_ERROR;
				CLANG_WARN_DOCUMENTATION_COMMENTS = YES;
				CLANG_WARN_EMPTY_BODY = YES;
				CLANG_WARN_ENUM_CONVERSION = YES;
				CLANG_WARN_INFINITE_RECURSION = YES;
				CLANG_WARN_INT_CONVERSION = YES;
				CLANG_WARN_NON_LITERAL_NULL_CONVERSION = YES;
				CLANG_WARN_OBJC_LITERAL_CONVERSION = YES;
				CLANG_WARN_OBJC_ROOT_CLASS = YES_ERROR;
				CLANG_WARN_RANGE_LOOP_ANALYSIS = YES;
				CLANG_WARN_STRICT_PROTOTYPES = YES;
				CLANG_WARN_SUSPICIOUS_MOVE = YES;
				CLANG_WARN_UNGUARDED_AVAILABILITY = YES_AGGRESSIVE;
				CLANG_WARN_UNREACHABLE_CODE = YES;
				CLANG_WARN__DUPLICATE_METHOD_MATCH = YES;
				CODE_SIGN_IDENTITY = "iPhone Developer";
				COPY_PHASE_STRIP = NO;
				DEBUG_INFORMATION_FORMAT = "dwarf-with-dsym";
				ENABLE_NS_ASSERTIONS = NO;
				ENABLE_STRICT_OBJC_MSGSEND = YES;
				GCC_C_LANGUAGE_STANDARD = gnu11;
				GCC_NO_COMMON_BLOCKS = YES;
				GCC_WARN_64_TO_32_BIT_CONVERSION = YES;
				GCC_WARN_ABOUT_RETURN_TYPE = YES_ERROR;
				GCC_WARN_UNDECLARED_SELECTOR = YES;
				GCC_WARN_UNINITIALIZED_AUTOS = YES_AGGRESSIVE;
				GCC_WARN_UNUSED_FUNCTION = YES;
				GCC_WARN_UNUSED_VARIABLE = YES;
				IPHONEOS_DEPLOYMENT_TARGET = 11.0;
				MTL_ENABLE_DEBUG_INFO = NO;
				SDKROOT = iphoneos;
				SWIFT_OPTIMIZATION_LEVEL = "-Owholemodule";
				VALIDATE_PRODUCT = YES;
			};
			name = Release;
		};
		836168EB1F9928170076B976 /* Debug */ = {
			isa = XCBuildConfiguration;
			baseConfigurationReference = FC3C59C062FFEA49401719FB /* Pods-ContentProviderSwift.debug.xcconfig */;
			buildSettings = {
				ASSETCATALOG_COMPILER_APPICON_NAME = AppIcon;
				CODE_SIGN_STYLE = Automatic;
				DEVELOPMENT_TEAM = 3FVH43E867;
				INFOPLIST_FILE = ContentProviderSwift/Info.plist;
				LD_RUNPATH_SEARCH_PATHS = "$(inherited) @executable_path/Frameworks";
				PRODUCT_BUNDLE_IDENTIFIER = com.Testing.ContentProviderSwift;
				PRODUCT_NAME = "$(TARGET_NAME)";
				SWIFT_VERSION = 4.0;
				TARGETED_DEVICE_FAMILY = "1,2";
			};
			name = Debug;
		};
		836168EC1F9928170076B976 /* Release */ = {
			isa = XCBuildConfiguration;
			baseConfigurationReference = 192ED31150D68F71A266A4F3 /* Pods-ContentProviderSwift.release.xcconfig */;
			buildSettings = {
				ASSETCATALOG_COMPILER_APPICON_NAME = AppIcon;
				CODE_SIGN_STYLE = Automatic;
				DEVELOPMENT_TEAM = 3FVH43E867;
				INFOPLIST_FILE = ContentProviderSwift/Info.plist;
				LD_RUNPATH_SEARCH_PATHS = "$(inherited) @executable_path/Frameworks";
				PRODUCT_BUNDLE_IDENTIFIER = com.Testing.ContentProviderSwift;
				PRODUCT_NAME = "$(TARGET_NAME)";
				SWIFT_VERSION = 4.0;
				TARGETED_DEVICE_FAMILY = "1,2";
			};
			name = Release;
		};
/* End XCBuildConfiguration section */

/* Begin XCConfigurationList section */
		836168CF1F9928170076B976 /* Build configuration list for PBXProject "ContentProviderSwift" */ = {
			isa = XCConfigurationList;
			buildConfigurations = (
				836168E81F9928170076B976 /* Debug */,
				836168E91F9928170076B976 /* Release */,
			);
			defaultConfigurationIsVisible = 0;
			defaultConfigurationName = Release;
		};
		836168EA1F9928170076B976 /* Build configuration list for PBXNativeTarget "ContentProviderSwift" */ = {
			isa = XCConfigurationList;
			buildConfigurations = (
				836168EB1F9928170076B976 /* Debug */,
				836168EC1F9928170076B976 /* Release */,
			);
			defaultConfigurationIsVisible = 0;
			defaultConfigurationName = Release;
		};
/* End XCConfigurationList section */
	};
	rootObject = 836168CC1F9928170076B976 /* Project object */;
}
